
Microsoft Visual Studio Solution File, Format Version 12.00
# Visual Studio Version 17
VisualStudioVersion = 17.9.34622.214
MinimumVisualStudioVersion = 10.0.40219.1
Project("{FAE04EC0-301F-11D3-BF4B-00C04F79EFBC}") = "SE2", "SE2\SE2.csproj", "{ACE2E7C6-4EE0-4C7F-8E9B-8EAAAAF6BD8A}"
EndProject
Global
	GlobalSection(SolutionConfigurationPlatforms) = preSolution
		Debug|Any CPU = Debug|Any CPU
		Release|Any CPU = Release|Any CPU
	EndGlobalSection
	GlobalSection(ProjectConfigurationPlatforms) = postSolution
		{ACE2E7C6-4EE0-4C7F-8E9B-8EAAAAF6BD8A}.Debug|Any CPU.ActiveCfg = Debug|Any CPU
		{ACE2E7C6-4EE0-4C7F-8E9B-8EAAAAF6BD8A}.Debug|Any CPU.Build.0 = Debug|Any CPU
		{ACE2E7C6-4EE0-4C7F-8E9B-8EAAAAF6BD8A}.Release|Any CPU.ActiveCfg = Release|Any CPU
		{ACE2E7C6-4EE0-4C7F-8E9B-8EAAAAF6BD8A}.Release|Any CPU.Build.0 = Release|Any CPU
	EndGlobalSection
	GlobalSection(SolutionProperties) = preSolution
		HideSolutionNode = FALSE
	EndGlobalSection
	GlobalSection(ExtensibilityGlobals) = postSolution
		SolutionGuid = {AE8C5F7A-03DE-4952-B8F2-0FC686187781}
	EndGlobalSection
EndGlobal
